
Microsoft Visual Studio Solution File, Format Version 12.00
# Visual Studio Version 17
VisualStudioVersion = 17.8.34330.188
MinimumVisualStudioVersion = 10.0.40219.1
Project("{FAE04EC0-301F-11D3-BF4B-00C04F79EFBC}") = "CalculadoraForms", "CalculadoraForms.csproj", "{3B39BE1C-2153-47E4-B83D-50B5769A7F53}"
EndProject
Global
	GlobalSection(SolutionConfigurationPlatforms) = preSolution
		Debug|Any CPU = Debug|Any CPU
		Release|Any CPU = Release|Any CPU
	EndGlobalSection
	GlobalSection(ProjectConfigurationPlatforms) = postSolution
		{3B39BE1C-2153-47E4-B83D-50B5769A7F53}.Debug|Any CPU.ActiveCfg = Debug|Any CPU
		{3B39BE1C-2153-47E4-B83D-50B5769A7F53}.Debug|Any CPU.Build.0 = Debug|Any CPU
		{3B39BE1C-2153-47E4-B83D-50B5769A7F53}.Release|Any CPU.ActiveCfg = Release|Any CPU
		{3B39BE1C-2153-47E4-B83D-50B5769A7F53}.Release|Any CPU.Build.0 = Release|Any CPU
	EndGlobalSection
	GlobalSection(SolutionProperties) = preSolution
		HideSolutionNode = FALSE
	EndGlobalSection
	GlobalSection(ExtensibilityGlobals) = postSolution
		SolutionGuid = {B9E06830-74C1-4DC9-B603-CCEB1779FAAE}
	EndGlobalSection
EndGlobal
